
Microsoft Visual Studio Solution File, Format Version 12.00
# Visual Studio Version 17
VisualStudioVersion = 17.3.32929.385
MinimumVisualStudioVersion = 10.0.40219.1
Project("{FAE04EC0-301F-11D3-BF4B-00C04F79EFBC}") = "UnitTesting.App", "UnitTesting.App\UnitTesting.App.csproj", "{ED5F31CB-4D11-4A83-BCB7-B1AF8512D12C}"
EndProject
Project("{FAE04EC0-301F-11D3-BF4B-00C04F79EFBC}") = "SW.Payroll", "SW.Payroll\SW.Payroll.csproj", "{63F84504-5B26-434D-96BB-10EC54395E31}"
EndProject
Project("{FAE04EC0-301F-11D3-BF4B-00C04F79EFBC}") = "SW.Payroll.Tests", "SW.Payroll.Tests\SW.Payroll.Tests.csproj", "{8077E156-F429-4828-BD92-B930A54ADB8A}"
EndProject
Global
	GlobalSection(SolutionConfigurationPlatforms) = preSolution
		Debug|Any CPU = Debug|Any CPU
		Release|Any CPU = Release|Any CPU
	EndGlobalSection
	GlobalSection(ProjectConfigurationPlatforms) = postSolution
		{ED5F31CB-4D11-4A83-BCB7-B1AF8512D12C}.Debug|Any CPU.ActiveCfg = Debug|Any CPU
		{ED5F31CB-4D11-4A83-BCB7-B1AF8512D12C}.Debug|Any CPU.Build.0 = Debug|Any CPU
		{ED5F31CB-4D11-4A83-BCB7-B1AF8512D12C}.Release|Any CPU.ActiveCfg = Release|Any CPU
		{ED5F31CB-4D11-4A83-BCB7-B1AF8512D12C}.Release|Any CPU.Build.0 = Release|Any CPU
		{63F84504-5B26-434D-96BB-10EC54395E31}.Debug|Any CPU.ActiveCfg = Debug|Any CPU
		{63F84504-5B26-434D-96BB-10EC54395E31}.Debug|Any CPU.Build.0 = Debug|Any CPU
		{63F84504-5B26-434D-96BB-10EC54395E31}.Release|Any CPU.ActiveCfg = Release|Any CPU
		{63F84504-5B26-434D-96BB-10EC54395E31}.Release|Any CPU.Build.0 = Release|Any CPU
		{8077E156-F429-4828-BD92-B930A54ADB8A}.Debug|Any CPU.ActiveCfg = Debug|Any CPU
		{8077E156-F429-4828-BD92-B930A54ADB8A}.Debug|Any CPU.Build.0 = Debug|Any CPU
		{8077E156-F429-4828-BD92-B930A54ADB8A}.Release|Any CPU.ActiveCfg = Release|Any CPU
		{8077E156-F429-4828-BD92-B930A54ADB8A}.Release|Any CPU.Build.0 = Release|Any CPU
	EndGlobalSection
	GlobalSection(SolutionProperties) = preSolution
		HideSolutionNode = FALSE
	EndGlobalSection
	GlobalSection(ExtensibilityGlobals) = postSolution
		SolutionGuid = {C1AD6B80-991B-4E08-A956-500234FD8D00}
	EndGlobalSection
EndGlobal
